
Microsoft Visual Studio Solution File, Format Version 12.00
Project("{FAE04EC0-301F-11D3-BF4B-00C04F79EFBC}") = "NLTDotNetCore.ConsoleApp", "NLTDotNetCore.ConsoleApp\NLTDotNetCore.ConsoleApp.csproj", "{30C6A63A-4579-46C9-88DC-02ED6C9D66BA}"
EndProject
Project("{FAE04EC0-301F-11D3-BF4B-00C04F79EFBC}") = "NLTDotNetCore.RestApi", "NLTDotNetCore.RestApi\NLTDotNetCore.RestApi.csproj", "{A0FA75C3-5231-4174-9B74-6D3220EE3FC2}"
EndProject
Project("{FAE04EC0-301F-11D3-BF4B-00C04F79EFBC}") = "NLTDotNetCore.Shared", "NLTDotNetCore.Shared\NLTDotNetCore.Shared.csproj", "{1CB34707-168D-4F1C-9D45-38C9D43ACF5A}"
EndProject
Project("{FAE04EC0-301F-11D3-BF4B-00C04F79EFBC}") = "NLTDotNetCore.RestApiWithNLayer", "NLTDotNetCore.RestApiWithNLayer\NLTDotNetCore.RestApiWithNLayer.csproj", "{B5DF3CCA-FCFE-403D-ABD2-8087FB2CED49}"
EndProject
Project("{FAE04EC0-301F-11D3-BF4B-00C04F79EFBC}") = "NLTDotNetCore.ConsoleAppHttpClientExamples", "NLTDotNetCore.ConsoleAppHttpClientExamples\NLTDotNetCore.ConsoleAppHttpClientExamples.csproj", "{B68C949D-EFDA-46FA-B843-3C64621499EF}"
	ProjectSection(ProjectDependencies) = postProject
		{A0FA75C3-5231-4174-9B74-6D3220EE3FC2} = {A0FA75C3-5231-4174-9B74-6D3220EE3FC2}
	EndProjectSection
EndProject
Project("{FAE04EC0-301F-11D3-BF4B-00C04F79EFBC}") = "NLTDotNetCore.ConsoleAppRestClientExamples", "NLTDotNetCore.ConsoleAppRestClientExamples\NLTDotNetCore.ConsoleAppRestClientExamples.csproj", "{E796DFB7-B967-4CCA-A0F0-1917AD6215EB}"
EndProject
Project("{FAE04EC0-301F-11D3-BF4B-00C04F79EFBC}") = "NLTDotNetCore.PizzaApi", "NLTDotNetCore.PizzaApi\NLTDotNetCore.PizzaApi.csproj", "{6DD12753-EA58-41C7-A226-5C02A027ACC1}"
EndProject
Project("{FAE04EC0-301F-11D3-BF4B-00C04F79EFBC}") = "NLTDotNetCore.ConsoleAppRefitExamples", "NLTDotNetCore.ConsoleAppRefitExamples\NLTDotNetCore.ConsoleAppRefitExamples.csproj", "{C0B85F15-B700-45ED-9F2B-5FE4F9E71611}"
EndProject
Project("{FAE04EC0-301F-11D3-BF4B-00C04F79EFBC}") = "NLTDotNetCore.ConsoleAppSqlInjection", "NLTDotNetCore.ConsoleAppSqlInjection\NLTDotNetCore.ConsoleAppSqlInjection.csproj", "{0752ED9A-FDF3-4666-AA4F-C0AADC2DF535}"
EndProject
Global
	GlobalSection(SolutionConfigurationPlatforms) = preSolution
		Debug|Any CPU = Debug|Any CPU
		Release|Any CPU = Release|Any CPU
	EndGlobalSection
	GlobalSection(ProjectConfigurationPlatforms) = postSolution
		{30C6A63A-4579-46C9-88DC-02ED6C9D66BA}.Debug|Any CPU.ActiveCfg = Debug|Any CPU
		{30C6A63A-4579-46C9-88DC-02ED6C9D66BA}.Debug|Any CPU.Build.0 = Debug|Any CPU
		{30C6A63A-4579-46C9-88DC-02ED6C9D66BA}.Release|Any CPU.ActiveCfg = Release|Any CPU
		{30C6A63A-4579-46C9-88DC-02ED6C9D66BA}.Release|Any CPU.Build.0 = Release|Any CPU
		{A0FA75C3-5231-4174-9B74-6D3220EE3FC2}.Debug|Any CPU.ActiveCfg = Debug|Any CPU
		{A0FA75C3-5231-4174-9B74-6D3220EE3FC2}.Debug|Any CPU.Build.0 = Debug|Any CPU
		{A0FA75C3-5231-4174-9B74-6D3220EE3FC2}.Release|Any CPU.ActiveCfg = Release|Any CPU
		{A0FA75C3-5231-4174-9B74-6D3220EE3FC2}.Release|Any CPU.Build.0 = Release|Any CPU
		{1CB34707-168D-4F1C-9D45-38C9D43ACF5A}.Debug|Any CPU.ActiveCfg = Debug|Any CPU
		{1CB34707-168D-4F1C-9D45-38C9D43ACF5A}.Debug|Any CPU.Build.0 = Debug|Any CPU
		{1CB34707-168D-4F1C-9D45-38C9D43ACF5A}.Release|Any CPU.ActiveCfg = Release|Any CPU
		{1CB34707-168D-4F1C-9D45-38C9D43ACF5A}.Release|Any CPU.Build.0 = Release|Any CPU
		{B5DF3CCA-FCFE-403D-ABD2-8087FB2CED49}.Debug|Any CPU.ActiveCfg = Debug|Any CPU
		{B5DF3CCA-FCFE-403D-ABD2-8087FB2CED49}.Debug|Any CPU.Build.0 = Debug|Any CPU
		{B5DF3CCA-FCFE-403D-ABD2-8087FB2CED49}.Release|Any CPU.ActiveCfg = Release|Any CPU
		{B5DF3CCA-FCFE-403D-ABD2-8087FB2CED49}.Release|Any CPU.Build.0 = Release|Any CPU
		{B68C949D-EFDA-46FA-B843-3C64621499EF}.Debug|Any CPU.ActiveCfg = Debug|Any CPU
		{B68C949D-EFDA-46FA-B843-3C64621499EF}.Debug|Any CPU.Build.0 = Debug|Any CPU
		{B68C949D-EFDA-46FA-B843-3C64621499EF}.Release|Any CPU.ActiveCfg = Release|Any CPU
		{B68C949D-EFDA-46FA-B843-3C64621499EF}.Release|Any CPU.Build.0 = Release|Any CPU
		{E796DFB7-B967-4CCA-A0F0-1917AD6215EB}.Debug|Any CPU.ActiveCfg = Debug|Any CPU
		{E796DFB7-B967-4CCA-A0F0-1917AD6215EB}.Debug|Any CPU.Build.0 = Debug|Any CPU
		{E796DFB7-B967-4CCA-A0F0-1917AD6215EB}.Release|Any CPU.ActiveCfg = Release|Any CPU
		{E796DFB7-B967-4CCA-A0F0-1917AD6215EB}.Release|Any CPU.Build.0 = Release|Any CPU
		{6DD12753-EA58-41C7-A226-5C02A027ACC1}.Debug|Any CPU.ActiveCfg = Debug|Any CPU
		{6DD12753-EA58-41C7-A226-5C02A027ACC1}.Debug|Any CPU.Build.0 = Debug|Any CPU
		{6DD12753-EA58-41C7-A226-5C02A027ACC1}.Release|Any CPU.ActiveCfg = Release|Any CPU
		{6DD12753-EA58-41C7-A226-5C02A027ACC1}.Release|Any CPU.Build.0 = Release|Any CPU
		{C0B85F15-B700-45ED-9F2B-5FE4F9E71611}.Debug|Any CPU.ActiveCfg = Debug|Any CPU
		{C0B85F15-B700-45ED-9F2B-5FE4F9E71611}.Debug|Any CPU.Build.0 = Debug|Any CPU
		{C0B85F15-B700-45ED-9F2B-5FE4F9E71611}.Release|Any CPU.ActiveCfg = Release|Any CPU
		{C0B85F15-B700-45ED-9F2B-5FE4F9E71611}.Release|Any CPU.Build.0 = Release|Any CPU
		{0752ED9A-FDF3-4666-AA4F-C0AADC2DF535}.Debug|Any CPU.ActiveCfg = Debug|Any CPU
		{0752ED9A-FDF3-4666-AA4F-C0AADC2DF535}.Debug|Any CPU.Build.0 = Debug|Any CPU
		{0752ED9A-FDF3-4666-AA4F-C0AADC2DF535}.Release|Any CPU.ActiveCfg = Release|Any CPU
		{0752ED9A-FDF3-4666-AA4F-C0AADC2DF535}.Release|Any CPU.Build.0 = Release|Any CPU
	EndGlobalSection
EndGlobal
