
Microsoft Visual Studio Solution File, Format Version 12.00
Project("{FAE04EC0-301F-11D3-BF4B-00C04F79EFBC}") = "NLTDotNetCore.ConsoleApp", "NLTDotNetCore.ConsoleApp\NLTDotNetCore.ConsoleApp.csproj", "{30C6A63A-4579-46C9-88DC-02ED6C9D66BA}"
EndProject
Project("{FAE04EC0-301F-11D3-BF4B-00C04F79EFBC}") = "NLTDotNetCore.RestApi", "NLTDotNetCore.RestApi\NLTDotNetCore.RestApi.csproj", "{A0FA75C3-5231-4174-9B74-6D3220EE3FC2}"
EndProject
Project("{FAE04EC0-301F-11D3-BF4B-00C04F79EFBC}") = "NLTDotNetCore.Shared", "NLTDotNetCore.Shared\NLTDotNetCore.Shared.csproj", "{1CB34707-168D-4F1C-9D45-38C9D43ACF5A}"
EndProject
Project("{FAE04EC0-301F-11D3-BF4B-00C04F79EFBC}") = "NLTDotNetCore.RestApiWithNLayer", "NLTDotNetCore.RestApiWithNLayer\NLTDotNetCore.RestApiWithNLayer.csproj", "{B5DF3CCA-FCFE-403D-ABD2-8087FB2CED49}"
EndProject
Project("{FAE04EC0-301F-11D3-BF4B-00C04F79EFBC}") = "NLTDotNetCore.ConsoleAppHttpClientExamples", "NLTDotNetCore.ConsoleAppHttpClientExamples\NLTDotNetCore.ConsoleAppHttpClientExamples.csproj", "{B68C949D-EFDA-46FA-B843-3C64621499EF}"
	ProjectSection(ProjectDependencies) = postProject
		{A0FA75C3-5231-4174-9B74-6D3220EE3FC2} = {A0FA75C3-5231-4174-9B74-6D3220EE3FC2}
	EndProjectSection
EndProject
Project("{FAE04EC0-301F-11D3-BF4B-00C04F79EFBC}") = "NLTDotNetCore.ConsoleAppRestClientExamples", "NLTDotNetCore.ConsoleAppRestClientExamples\NLTDotNetCore.ConsoleAppRestClientExamples.csproj", "{E796DFB7-B967-4CCA-A0F0-1917AD6215EB}"
EndProject
Project("{FAE04EC0-301F-11D3-BF4B-00C04F79EFBC}") = "NLTDotNetCore.PizzaApi", "NLTDotNetCore.PizzaApi\NLTDotNetCore.PizzaApi.csproj", "{6DD12753-EA58-41C7-A226-5C02A027ACC1}"
EndProject
Project("{FAE04EC0-301F-11D3-BF4B-00C04F79EFBC}") = "NLTDotNetCore.ConsoleAppRefitExamples", "NLTDotNetCore.ConsoleAppRefitExamples\NLTDotNetCore.ConsoleAppRefitExamples.csproj", "{C0B85F15-B700-45ED-9F2B-5FE4F9E71611}"
EndProject
Project("{FAE04EC0-301F-11D3-BF4B-00C04F79EFBC}") = "NLTDotNetCore.ConsoleAppSqlInjection", "NLTDotNetCore.ConsoleAppSqlInjection\NLTDotNetCore.ConsoleAppSqlInjection.csproj", "{0752ED9A-FDF3-4666-AA4F-C0AADC2DF535}"
EndProject
Project("{FAE04EC0-301F-11D3-BF4B-00C04F79EFBC}") = "NLTDotNetCore.NLayer.UI", "NLTDotNetCore.NLayer.UI\NLTDotNetCore.NLayer.UI.csproj", "{59F55E4E-E2D3-411A-9EA6-CB8DA85840C3}"
EndProject
Project("{FAE04EC0-301F-11D3-BF4B-00C04F79EFBC}") = "NLTDotNetCore.NLayer.BusinessLogic", "NLTDotNetCore.NLayer.BusinessLogic\NLTDotNetCore.NLayer.BusinessLogic.csproj", "{91A3D9DC-92F3-4C90-B854-C1569F681DFA}"
EndProject
Project("{FAE04EC0-301F-11D3-BF4B-00C04F79EFBC}") = "NLTDotNetCore.NLayer.DataAccess", "NLTDotNetCore.NLayer.DataAccess\NLTDotNetCore.NLayer.DataAccess.csproj", "{058E00CF-6F98-46A1-9433-A15DCD3A82F4}"
EndProject
Project("{FAE04EC0-301F-11D3-BF4B-00C04F79EFBC}") = "NLTDotNetCore.MinimalApi", "NLTDotNetCore.MinimalApi\NLTDotNetCore.MinimalApi.csproj", "{E46A46B5-D2C3-4696-B581-69A549625FE3}"
EndProject
Project("{FAE04EC0-301F-11D3-BF4B-00C04F79EFBC}") = "NLTDotNetCore.MvcApp", "NLTDotNetCore.MvcApp\NLTDotNetCore.MvcApp.csproj", "{EE94D85F-E446-45EB-BE4E-506522DBC7AC}"
EndProject
Project("{FAE04EC0-301F-11D3-BF4B-00C04F79EFBC}") = "NLTDotNetCore.MvcApp2", "NLTDotNetCore.MvcApp2\NLTDotNetCore.MvcApp2.csproj", "{BF324CC0-B777-4450-AD67-42FE8AB9900E}"
EndProject
Project("{FAE04EC0-301F-11D3-BF4B-00C04F79EFBC}") = "NLTDotNetCore.MvcChartApp", "NLTDotNetCore.MvcChartApp\NLTDotNetCore.MvcChartApp.csproj", "{20BE13CD-9900-460B-9DCB-09FBBC64EE7B}"
EndProject
Project("{FAE04EC0-301F-11D3-BF4B-00C04F79EFBC}") = "NLTDotNetCore.ConsoleAppLogging", "NLTDotNetCore.ConsoleAppLogging\NLTDotNetCore.ConsoleAppLogging.csproj", "{208A908F-F255-432C-9CCA-7BC2FF8A0032}"
EndProject
Project("{FAE04EC0-301F-11D3-BF4B-00C04F79EFBC}") = "NLTDotNetCore.RealtimeChatApp", "NLTDotNetCore.RealtimeChatApp\NLTDotNetCore.RealtimeChatApp.csproj", "{5DF6893E-6EBA-487D-A02C-EF45BE3FB0F6}"
EndProject
Project("{FAE04EC0-301F-11D3-BF4B-00C04F79EFBC}") = "NLTDotNetCore.RealtimeChartApp", "NLTDotNetCore.RealtimeChartApp\NLTDotNetCore.RealtimeChartApp.csproj", "{D6C3E480-F316-487B-88EB-47F06C056C9D}"
EndProject
Project("{FAE04EC0-301F-11D3-BF4B-00C04F79EFBC}") = "NLTDotNetCore.ConsoleAppEFCore", "NLTDotNetCore.ConsoleAppEFCore\NLTDotNetCore.ConsoleAppEFCore.csproj", "{B35377F6-7C85-44AB-B0BB-507BCD8D4D95}"
EndProject
Project("{FAE04EC0-301F-11D3-BF4B-00C04F79EFBC}") = "NLTDotNetCore.ConsoleAppEFCore.Databases", "NLTDotNetCore.ConsoleAppEFCore.Databases\NLTDotNetCore.ConsoleAppEFCore.Databases.csproj", "{C9ACF93B-6F34-418A-A5B4-294D4AA75F0F}"
EndProject
Global
	GlobalSection(SolutionConfigurationPlatforms) = preSolution
		Debug|Any CPU = Debug|Any CPU
		Release|Any CPU = Release|Any CPU
	EndGlobalSection
	GlobalSection(ProjectConfigurationPlatforms) = postSolution
		{30C6A63A-4579-46C9-88DC-02ED6C9D66BA}.Debug|Any CPU.ActiveCfg = Debug|Any CPU
		{30C6A63A-4579-46C9-88DC-02ED6C9D66BA}.Debug|Any CPU.Build.0 = Debug|Any CPU
		{30C6A63A-4579-46C9-88DC-02ED6C9D66BA}.Release|Any CPU.ActiveCfg = Release|Any CPU
		{30C6A63A-4579-46C9-88DC-02ED6C9D66BA}.Release|Any CPU.Build.0 = Release|Any CPU
		{A0FA75C3-5231-4174-9B74-6D3220EE3FC2}.Debug|Any CPU.ActiveCfg = Debug|Any CPU
		{A0FA75C3-5231-4174-9B74-6D3220EE3FC2}.Debug|Any CPU.Build.0 = Debug|Any CPU
		{A0FA75C3-5231-4174-9B74-6D3220EE3FC2}.Release|Any CPU.ActiveCfg = Release|Any CPU
		{A0FA75C3-5231-4174-9B74-6D3220EE3FC2}.Release|Any CPU.Build.0 = Release|Any CPU
		{1CB34707-168D-4F1C-9D45-38C9D43ACF5A}.Debug|Any CPU.ActiveCfg = Debug|Any CPU
		{1CB34707-168D-4F1C-9D45-38C9D43ACF5A}.Debug|Any CPU.Build.0 = Debug|Any CPU
		{1CB34707-168D-4F1C-9D45-38C9D43ACF5A}.Release|Any CPU.ActiveCfg = Release|Any CPU
		{1CB34707-168D-4F1C-9D45-38C9D43ACF5A}.Release|Any CPU.Build.0 = Release|Any CPU
		{B5DF3CCA-FCFE-403D-ABD2-8087FB2CED49}.Debug|Any CPU.ActiveCfg = Debug|Any CPU
		{B5DF3CCA-FCFE-403D-ABD2-8087FB2CED49}.Debug|Any CPU.Build.0 = Debug|Any CPU
		{B5DF3CCA-FCFE-403D-ABD2-8087FB2CED49}.Release|Any CPU.ActiveCfg = Release|Any CPU
		{B5DF3CCA-FCFE-403D-ABD2-8087FB2CED49}.Release|Any CPU.Build.0 = Release|Any CPU
		{B68C949D-EFDA-46FA-B843-3C64621499EF}.Debug|Any CPU.ActiveCfg = Debug|Any CPU
		{B68C949D-EFDA-46FA-B843-3C64621499EF}.Debug|Any CPU.Build.0 = Debug|Any CPU
		{B68C949D-EFDA-46FA-B843-3C64621499EF}.Release|Any CPU.ActiveCfg = Release|Any CPU
		{B68C949D-EFDA-46FA-B843-3C64621499EF}.Release|Any CPU.Build.0 = Release|Any CPU
		{E796DFB7-B967-4CCA-A0F0-1917AD6215EB}.Debug|Any CPU.ActiveCfg = Debug|Any CPU
		{E796DFB7-B967-4CCA-A0F0-1917AD6215EB}.Debug|Any CPU.Build.0 = Debug|Any CPU
		{E796DFB7-B967-4CCA-A0F0-1917AD6215EB}.Release|Any CPU.ActiveCfg = Release|Any CPU
		{E796DFB7-B967-4CCA-A0F0-1917AD6215EB}.Release|Any CPU.Build.0 = Release|Any CPU
		{6DD12753-EA58-41C7-A226-5C02A027ACC1}.Debug|Any CPU.ActiveCfg = Debug|Any CPU
		{6DD12753-EA58-41C7-A226-5C02A027ACC1}.Debug|Any CPU.Build.0 = Debug|Any CPU
		{6DD12753-EA58-41C7-A226-5C02A027ACC1}.Release|Any CPU.ActiveCfg = Release|Any CPU
		{6DD12753-EA58-41C7-A226-5C02A027ACC1}.Release|Any CPU.Build.0 = Release|Any CPU
		{C0B85F15-B700-45ED-9F2B-5FE4F9E71611}.Debug|Any CPU.ActiveCfg = Debug|Any CPU
		{C0B85F15-B700-45ED-9F2B-5FE4F9E71611}.Debug|Any CPU.Build.0 = Debug|Any CPU
		{C0B85F15-B700-45ED-9F2B-5FE4F9E71611}.Release|Any CPU.ActiveCfg = Release|Any CPU
		{C0B85F15-B700-45ED-9F2B-5FE4F9E71611}.Release|Any CPU.Build.0 = Release|Any CPU
		{0752ED9A-FDF3-4666-AA4F-C0AADC2DF535}.Debug|Any CPU.ActiveCfg = Debug|Any CPU
		{0752ED9A-FDF3-4666-AA4F-C0AADC2DF535}.Debug|Any CPU.Build.0 = Debug|Any CPU
		{0752ED9A-FDF3-4666-AA4F-C0AADC2DF535}.Release|Any CPU.ActiveCfg = Release|Any CPU
		{0752ED9A-FDF3-4666-AA4F-C0AADC2DF535}.Release|Any CPU.Build.0 = Release|Any CPU
		{59F55E4E-E2D3-411A-9EA6-CB8DA85840C3}.Debug|Any CPU.ActiveCfg = Debug|Any CPU
		{59F55E4E-E2D3-411A-9EA6-CB8DA85840C3}.Debug|Any CPU.Build.0 = Debug|Any CPU
		{59F55E4E-E2D3-411A-9EA6-CB8DA85840C3}.Release|Any CPU.ActiveCfg = Release|Any CPU
		{59F55E4E-E2D3-411A-9EA6-CB8DA85840C3}.Release|Any CPU.Build.0 = Release|Any CPU
		{91A3D9DC-92F3-4C90-B854-C1569F681DFA}.Debug|Any CPU.ActiveCfg = Debug|Any CPU
		{91A3D9DC-92F3-4C90-B854-C1569F681DFA}.Debug|Any CPU.Build.0 = Debug|Any CPU
		{91A3D9DC-92F3-4C90-B854-C1569F681DFA}.Release|Any CPU.ActiveCfg = Release|Any CPU
		{91A3D9DC-92F3-4C90-B854-C1569F681DFA}.Release|Any CPU.Build.0 = Release|Any CPU
		{058E00CF-6F98-46A1-9433-A15DCD3A82F4}.Debug|Any CPU.ActiveCfg = Debug|Any CPU
		{058E00CF-6F98-46A1-9433-A15DCD3A82F4}.Debug|Any CPU.Build.0 = Debug|Any CPU
		{058E00CF-6F98-46A1-9433-A15DCD3A82F4}.Release|Any CPU.ActiveCfg = Release|Any CPU
		{058E00CF-6F98-46A1-9433-A15DCD3A82F4}.Release|Any CPU.Build.0 = Release|Any CPU
		{E46A46B5-D2C3-4696-B581-69A549625FE3}.Debug|Any CPU.ActiveCfg = Debug|Any CPU
		{E46A46B5-D2C3-4696-B581-69A549625FE3}.Debug|Any CPU.Build.0 = Debug|Any CPU
		{E46A46B5-D2C3-4696-B581-69A549625FE3}.Release|Any CPU.ActiveCfg = Release|Any CPU
		{E46A46B5-D2C3-4696-B581-69A549625FE3}.Release|Any CPU.Build.0 = Release|Any CPU
		{EE94D85F-E446-45EB-BE4E-506522DBC7AC}.Debug|Any CPU.ActiveCfg = Debug|Any CPU
		{EE94D85F-E446-45EB-BE4E-506522DBC7AC}.Debug|Any CPU.Build.0 = Debug|Any CPU
		{EE94D85F-E446-45EB-BE4E-506522DBC7AC}.Release|Any CPU.ActiveCfg = Release|Any CPU
		{EE94D85F-E446-45EB-BE4E-506522DBC7AC}.Release|Any CPU.Build.0 = Release|Any CPU
		{BF324CC0-B777-4450-AD67-42FE8AB9900E}.Debug|Any CPU.ActiveCfg = Debug|Any CPU
		{BF324CC0-B777-4450-AD67-42FE8AB9900E}.Debug|Any CPU.Build.0 = Debug|Any CPU
		{BF324CC0-B777-4450-AD67-42FE8AB9900E}.Release|Any CPU.ActiveCfg = Release|Any CPU
		{BF324CC0-B777-4450-AD67-42FE8AB9900E}.Release|Any CPU.Build.0 = Release|Any CPU
		{20BE13CD-9900-460B-9DCB-09FBBC64EE7B}.Debug|Any CPU.ActiveCfg = Debug|Any CPU
		{20BE13CD-9900-460B-9DCB-09FBBC64EE7B}.Debug|Any CPU.Build.0 = Debug|Any CPU
		{20BE13CD-9900-460B-9DCB-09FBBC64EE7B}.Release|Any CPU.ActiveCfg = Release|Any CPU
		{20BE13CD-9900-460B-9DCB-09FBBC64EE7B}.Release|Any CPU.Build.0 = Release|Any CPU
		{208A908F-F255-432C-9CCA-7BC2FF8A0032}.Debug|Any CPU.ActiveCfg = Debug|Any CPU
		{208A908F-F255-432C-9CCA-7BC2FF8A0032}.Debug|Any CPU.Build.0 = Debug|Any CPU
		{208A908F-F255-432C-9CCA-7BC2FF8A0032}.Release|Any CPU.ActiveCfg = Release|Any CPU
		{208A908F-F255-432C-9CCA-7BC2FF8A0032}.Release|Any CPU.Build.0 = Release|Any CPU
		{5DF6893E-6EBA-487D-A02C-EF45BE3FB0F6}.Debug|Any CPU.ActiveCfg = Debug|Any CPU
		{5DF6893E-6EBA-487D-A02C-EF45BE3FB0F6}.Debug|Any CPU.Build.0 = Debug|Any CPU
		{5DF6893E-6EBA-487D-A02C-EF45BE3FB0F6}.Release|Any CPU.ActiveCfg = Release|Any CPU
		{5DF6893E-6EBA-487D-A02C-EF45BE3FB0F6}.Release|Any CPU.Build.0 = Release|Any CPU
		{D6C3E480-F316-487B-88EB-47F06C056C9D}.Debug|Any CPU.ActiveCfg = Debug|Any CPU
		{D6C3E480-F316-487B-88EB-47F06C056C9D}.Debug|Any CPU.Build.0 = Debug|Any CPU
		{D6C3E480-F316-487B-88EB-47F06C056C9D}.Release|Any CPU.ActiveCfg = Release|Any CPU
		{D6C3E480-F316-487B-88EB-47F06C056C9D}.Release|Any CPU.Build.0 = Release|Any CPU
		{B35377F6-7C85-44AB-B0BB-507BCD8D4D95}.Debug|Any CPU.ActiveCfg = Debug|Any CPU
		{B35377F6-7C85-44AB-B0BB-507BCD8D4D95}.Debug|Any CPU.Build.0 = Debug|Any CPU
		{B35377F6-7C85-44AB-B0BB-507BCD8D4D95}.Release|Any CPU.ActiveCfg = Release|Any CPU
		{B35377F6-7C85-44AB-B0BB-507BCD8D4D95}.Release|Any CPU.Build.0 = Release|Any CPU
		{C9ACF93B-6F34-418A-A5B4-294D4AA75F0F}.Debug|Any CPU.ActiveCfg = Debug|Any CPU
		{C9ACF93B-6F34-418A-A5B4-294D4AA75F0F}.Debug|Any CPU.Build.0 = Debug|Any CPU
		{C9ACF93B-6F34-418A-A5B4-294D4AA75F0F}.Release|Any CPU.ActiveCfg = Release|Any CPU
		{C9ACF93B-6F34-418A-A5B4-294D4AA75F0F}.Release|Any CPU.Build.0 = Release|Any CPU
	EndGlobalSection
EndGlobal
