
Microsoft Visual Studio Solution File, Format Version 12.00
Project("{FAE04EC0-301F-11D3-BF4B-00C04F79EFBC}") = "NLTDotNetCore.ConsoleApp", "NLTDotNetCore.ConsoleApp\NLTDotNetCore.ConsoleApp.csproj", "{30C6A63A-4579-46C9-88DC-02ED6C9D66BA}"
EndProject
Project("{FAE04EC0-301F-11D3-BF4B-00C04F79EFBC}") = "NLTDotNetCore.RestApi", "NLTDotNetCore.RestApi\NLTDotNetCore.RestApi.csproj", "{A0FA75C3-5231-4174-9B74-6D3220EE3FC2}"
EndProject
Project("{FAE04EC0-301F-11D3-BF4B-00C04F79EFBC}") = "NLTDotNetCore.Shared", "NLTDotNetCore.Shared\NLTDotNetCore.Shared.csproj", "{1CB34707-168D-4F1C-9D45-38C9D43ACF5A}"
EndProject
Project("{FAE04EC0-301F-11D3-BF4B-00C04F79EFBC}") = "NLTDotNetCore.RestApiWithNLayer", "NLTDotNetCore.RestApiWithNLayer\NLTDotNetCore.RestApiWithNLayer.csproj", "{B5DF3CCA-FCFE-403D-ABD2-8087FB2CED49}"
EndProject
Global
	GlobalSection(SolutionConfigurationPlatforms) = preSolution
		Debug|Any CPU = Debug|Any CPU
		Release|Any CPU = Release|Any CPU
	EndGlobalSection
	GlobalSection(ProjectConfigurationPlatforms) = postSolution
		{30C6A63A-4579-46C9-88DC-02ED6C9D66BA}.Debug|Any CPU.ActiveCfg = Debug|Any CPU
		{30C6A63A-4579-46C9-88DC-02ED6C9D66BA}.Debug|Any CPU.Build.0 = Debug|Any CPU
		{30C6A63A-4579-46C9-88DC-02ED6C9D66BA}.Release|Any CPU.ActiveCfg = Release|Any CPU
		{30C6A63A-4579-46C9-88DC-02ED6C9D66BA}.Release|Any CPU.Build.0 = Release|Any CPU
		{A0FA75C3-5231-4174-9B74-6D3220EE3FC2}.Debug|Any CPU.ActiveCfg = Debug|Any CPU
		{A0FA75C3-5231-4174-9B74-6D3220EE3FC2}.Debug|Any CPU.Build.0 = Debug|Any CPU
		{A0FA75C3-5231-4174-9B74-6D3220EE3FC2}.Release|Any CPU.ActiveCfg = Release|Any CPU
		{A0FA75C3-5231-4174-9B74-6D3220EE3FC2}.Release|Any CPU.Build.0 = Release|Any CPU
		{1CB34707-168D-4F1C-9D45-38C9D43ACF5A}.Debug|Any CPU.ActiveCfg = Debug|Any CPU
		{1CB34707-168D-4F1C-9D45-38C9D43ACF5A}.Debug|Any CPU.Build.0 = Debug|Any CPU
		{1CB34707-168D-4F1C-9D45-38C9D43ACF5A}.Release|Any CPU.ActiveCfg = Release|Any CPU
		{1CB34707-168D-4F1C-9D45-38C9D43ACF5A}.Release|Any CPU.Build.0 = Release|Any CPU
		{B5DF3CCA-FCFE-403D-ABD2-8087FB2CED49}.Debug|Any CPU.ActiveCfg = Debug|Any CPU
		{B5DF3CCA-FCFE-403D-ABD2-8087FB2CED49}.Debug|Any CPU.Build.0 = Debug|Any CPU
		{B5DF3CCA-FCFE-403D-ABD2-8087FB2CED49}.Release|Any CPU.ActiveCfg = Release|Any CPU
		{B5DF3CCA-FCFE-403D-ABD2-8087FB2CED49}.Release|Any CPU.Build.0 = Release|Any CPU
	EndGlobalSection
EndGlobal
